// !$*UTF8*$!
{
	archiveVersion = 1;
	classes = {
	};
	objectVersion = 56;
	objects = {

/* Begin PBXBuildFile section */
		B7A4BC9929DA8FE90015C96A /* Launch Screen.storyboard in Resources */ = {isa = PBXBuildFile; fileRef = B7A4BC9829DA8FE90015C96A /* Launch Screen.storyboard */; };
		C80A47A829939BF300E6C3B5 /* RecipeButton .swift in Sources */ = {isa = PBXBuildFile; fileRef = C80A47A729939BF300E6C3B5 /* RecipeButton .swift */; };
		C80A47AA29939D9700E6C3B5 /* Colors.swift in Sources */ = {isa = PBXBuildFile; fileRef = C80A47A929939D9700E6C3B5 /* Colors.swift */; };
		C80A47AC2993A41200E6C3B5 /* CornerRadius .swift in Sources */ = {isa = PBXBuildFile; fileRef = C80A47AB2993A41200E6C3B5 /* CornerRadius .swift */; };
		C80A47AE2993A86100E6C3B5 /* IngredientPicture.swift in Sources */ = {isa = PBXBuildFile; fileRef = C80A47AD2993A86100E6C3B5 /* IngredientPicture.swift */; };
		C8167E9C29D59C690006214A /* NameAndDescriptionOfPancakes.swift in Sources */ = {isa = PBXBuildFile; fileRef = C8167E9B29D59C690006214A /* NameAndDescriptionOfPancakes.swift */; };
		C8589415298D0F1200EA6D1F /* PancakeScreenApp.swift in Sources */ = {isa = PBXBuildFile; fileRef = C8589414298D0F1200EA6D1F /* PancakeScreenApp.swift */; };
		C8589419298D0F1500EA6D1F /* Assets.xcassets in Resources */ = {isa = PBXBuildFile; fileRef = C8589418298D0F1500EA6D1F /* Assets.xcassets */; };
		C858941C298D0F1500EA6D1F /* Preview Assets.xcassets in Resources */ = {isa = PBXBuildFile; fileRef = C858941B298D0F1500EA6D1F /* Preview Assets.xcassets */; };
		C8589423298D0FD000EA6D1F /* PancakeReview.swift in Sources */ = {isa = PBXBuildFile; fileRef = C8589422298D0FD000EA6D1F /* PancakeReview.swift */; };
		C8589425298D1D0A00EA6D1F /* Title.swift in Sources */ = {isa = PBXBuildFile; fileRef = C8589424298D1D0A00EA6D1F /* Title.swift */; };
		C8589427298D1F9800EA6D1F /* PancakeText.swift in Sources */ = {isa = PBXBuildFile; fileRef = C8589426298D1F9800EA6D1F /* PancakeText.swift */; };
		C85BDA8D29D6C12700967E0C /* LikeAndDislike.swift in Sources */ = {isa = PBXBuildFile; fileRef = C85BDA8C29D6C12700967E0C /* LikeAndDislike.swift */; };
		C89C817129D613F000D8D2BA /* NavBar.swift in Sources */ = {isa = PBXBuildFile; fileRef = C89C817029D613F000D8D2BA /* NavBar.swift */; };
		C8B7BE17299E7314000F268B /* TinderStyleCard.swift in Sources */ = {isa = PBXBuildFile; fileRef = C8B7BE10299E7314000F268B /* TinderStyleCard.swift */; };
		C8B7BE18299E7314000F268B /* NavBarView.swift in Sources */ = {isa = PBXBuildFile; fileRef = C8B7BE11299E7314000F268B /* NavBarView.swift */; };
		C8B7BE1A299E7314000F268B /* MenuCards.swift in Sources */ = {isa = PBXBuildFile; fileRef = C8B7BE13299E7314000F268B /* MenuCards.swift */; };
		C8B7BE1B299E7314000F268B /* TabBar.swift in Sources */ = {isa = PBXBuildFile; fileRef = C8B7BE14299E7314000F268B /* TabBar.swift */; };
		C8B7BE1C299E7314000F268B /* CardsView.swift in Sources */ = {isa = PBXBuildFile; fileRef = C8B7BE15299E7314000F268B /* CardsView.swift */; };
		C8B7BE1D299E7314000F268B /* SearchTextField.swift in Sources */ = {isa = PBXBuildFile; fileRef = C8B7BE16299E7314000F268B /* SearchTextField.swift */; };
		C8B7BE21299E734E000F268B /* RecipeScreenView.swift in Sources */ = {isa = PBXBuildFile; fileRef = C8B7BE1E299E734E000F268B /* RecipeScreenView.swift */; };
		C8B7BE22299E734E000F268B /* WhatToCook.swift in Sources */ = {isa = PBXBuildFile; fileRef = C8B7BE1F299E734E000F268B /* WhatToCook.swift */; };
		C8B7BE28299E7746000F268B /* Karton.otf in Resources */ = {isa = PBXBuildFile; fileRef = C8B7BE26299E762A000F268B /* Karton.otf */; };
		C8B7BE2A299E7825000F268B /* MysteryQuest-Regular.ttf in Resources */ = {isa = PBXBuildFile; fileRef = C8B7BE29299E7825000F268B /* MysteryQuest-Regular.ttf */; };
		C8CD9995298E6C6800DE1157 /* Constants.swift in Sources */ = {isa = PBXBuildFile; fileRef = C8CD9994298E6C6800DE1157 /* Constants.swift */; };
		C8EA6DE029B7625300D908C2 /* RecipeTextView.swift in Sources */ = {isa = PBXBuildFile; fileRef = C8EA6DDF29B7625300D908C2 /* RecipeTextView.swift */; };
/* End PBXBuildFile section */

/* Begin PBXFileReference section */
		B7A4BC9829DA8FE90015C96A /* Launch Screen.storyboard */ = {isa = PBXFileReference; lastKnownFileType = file.storyboard; path = "Launch Screen.storyboard"; sourceTree = "<group>"; };
		C80A47A729939BF300E6C3B5 /* RecipeButton .swift */ = {isa = PBXFileReference; lastKnownFileType = sourcecode.swift; path = "RecipeButton .swift"; sourceTree = "<group>"; };
		C80A47A929939D9700E6C3B5 /* Colors.swift */ = {isa = PBXFileReference; lastKnownFileType = sourcecode.swift; path = Colors.swift; sourceTree = "<group>"; };
		C80A47AB2993A41200E6C3B5 /* CornerRadius .swift */ = {isa = PBXFileReference; lastKnownFileType = sourcecode.swift; path = "CornerRadius .swift"; sourceTree = "<group>"; };
		C80A47AD2993A86100E6C3B5 /* IngredientPicture.swift */ = {isa = PBXFileReference; lastKnownFileType = sourcecode.swift; path = IngredientPicture.swift; sourceTree = "<group>"; };
		C8167E9B29D59C690006214A /* NameAndDescriptionOfPancakes.swift */ = {isa = PBXFileReference; lastKnownFileType = sourcecode.swift; path = NameAndDescriptionOfPancakes.swift; sourceTree = "<group>"; };
		C8589411298D0F1200EA6D1F /* PancakeScreen.app */ = {isa = PBXFileReference; explicitFileType = wrapper.application; includeInIndex = 0; path = PancakeScreen.app; sourceTree = BUILT_PRODUCTS_DIR; };
		C8589414298D0F1200EA6D1F /* PancakeScreenApp.swift */ = {isa = PBXFileReference; lastKnownFileType = sourcecode.swift; path = PancakeScreenApp.swift; sourceTree = "<group>"; };
		C8589418298D0F1500EA6D1F /* Assets.xcassets */ = {isa = PBXFileReference; lastKnownFileType = folder.assetcatalog; path = Assets.xcassets; sourceTree = "<group>"; };
		C858941B298D0F1500EA6D1F /* Preview Assets.xcassets */ = {isa = PBXFileReference; lastKnownFileType = folder.assetcatalog; path = "Preview Assets.xcassets"; sourceTree = "<group>"; };
		C8589422298D0FD000EA6D1F /* PancakeReview.swift */ = {isa = PBXFileReference; lastKnownFileType = sourcecode.swift; path = PancakeReview.swift; sourceTree = "<group>"; };
		C8589424298D1D0A00EA6D1F /* Title.swift */ = {isa = PBXFileReference; lastKnownFileType = sourcecode.swift; path = Title.swift; sourceTree = "<group>"; };
		C8589426298D1F9800EA6D1F /* PancakeText.swift */ = {isa = PBXFileReference; lastKnownFileType = sourcecode.swift; path = PancakeText.swift; sourceTree = "<group>"; };
		C85BDA8C29D6C12700967E0C /* LikeAndDislike.swift */ = {isa = PBXFileReference; lastKnownFileType = sourcecode.swift; path = LikeAndDislike.swift; sourceTree = "<group>"; };
		C89C817029D613F000D8D2BA /* NavBar.swift */ = {isa = PBXFileReference; lastKnownFileType = sourcecode.swift; path = NavBar.swift; sourceTree = "<group>"; };
		C8B7BE10299E7314000F268B /* TinderStyleCard.swift */ = {isa = PBXFileReference; fileEncoding = 4; lastKnownFileType = sourcecode.swift; path = TinderStyleCard.swift; sourceTree = "<group>"; };
		C8B7BE11299E7314000F268B /* NavBarView.swift */ = {isa = PBXFileReference; fileEncoding = 4; lastKnownFileType = sourcecode.swift; path = NavBarView.swift; sourceTree = "<group>"; };
		C8B7BE13299E7314000F268B /* MenuCards.swift */ = {isa = PBXFileReference; fileEncoding = 4; lastKnownFileType = sourcecode.swift; path = MenuCards.swift; sourceTree = "<group>"; };
		C8B7BE14299E7314000F268B /* TabBar.swift */ = {isa = PBXFileReference; fileEncoding = 4; lastKnownFileType = sourcecode.swift; path = TabBar.swift; sourceTree = "<group>"; };
		C8B7BE15299E7314000F268B /* CardsView.swift */ = {isa = PBXFileReference; fileEncoding = 4; lastKnownFileType = sourcecode.swift; path = CardsView.swift; sourceTree = "<group>"; };
		C8B7BE16299E7314000F268B /* SearchTextField.swift */ = {isa = PBXFileReference; fileEncoding = 4; lastKnownFileType = sourcecode.swift; path = SearchTextField.swift; sourceTree = "<group>"; };
		C8B7BE1E299E734E000F268B /* RecipeScreenView.swift */ = {isa = PBXFileReference; fileEncoding = 4; lastKnownFileType = sourcecode.swift; path = RecipeScreenView.swift; sourceTree = "<group>"; };
		C8B7BE1F299E734E000F268B /* WhatToCook.swift */ = {isa = PBXFileReference; fileEncoding = 4; lastKnownFileType = sourcecode.swift; path = WhatToCook.swift; sourceTree = "<group>"; };
		C8B7BE26299E762A000F268B /* Karton.otf */ = {isa = PBXFileReference; lastKnownFileType = file; path = Karton.otf; sourceTree = "<group>"; };
		C8B7BE27299E764E000F268B /* Info.plist */ = {isa = PBXFileReference; lastKnownFileType = text.plist; path = Info.plist; sourceTree = "<group>"; };
		C8B7BE29299E7825000F268B /* MysteryQuest-Regular.ttf */ = {isa = PBXFileReference; lastKnownFileType = file; path = "MysteryQuest-Regular.ttf"; sourceTree = "<group>"; };
		C8CD9994298E6C6800DE1157 /* Constants.swift */ = {isa = PBXFileReference; lastKnownFileType = sourcecode.swift; path = Constants.swift; sourceTree = "<group>"; };
		C8EA6DDF29B7625300D908C2 /* RecipeTextView.swift */ = {isa = PBXFileReference; lastKnownFileType = sourcecode.swift; path = RecipeTextView.swift; sourceTree = "<group>"; };
/* End PBXFileReference section */

/* Begin PBXFrameworksBuildPhase section */
		C858940E298D0F1200EA6D1F /* Frameworks */ = {
			isa = PBXFrameworksBuildPhase;
			buildActionMask = 2147483647;
			files = (
			);
			runOnlyForDeploymentPostprocessing = 0;
		};
/* End PBXFrameworksBuildPhase section */

/* Begin PBXGroup section */
		C8167E9829D599550006214A /* FirstScreen */ = {
			isa = PBXGroup;
			children = (
				C8B7BE13299E7314000F268B /* MenuCards.swift */,
				C8B7BE14299E7314000F268B /* TabBar.swift */,
				C8B7BE16299E7314000F268B /* SearchTextField.swift */,
				C8B7BE11299E7314000F268B /* NavBarView.swift */,
			);
			path = FirstScreen;
			sourceTree = "<group>";
		};
		C8167E9929D59A0C0006214A /* ThirdScreen */ = {
			isa = PBXGroup;
			children = (
				C80A47AD2993A86100E6C3B5 /* IngredientPicture.swift */,
				C80A47A729939BF300E6C3B5 /* RecipeButton .swift */,
				C8589426298D1F9800EA6D1F /* PancakeText.swift */,
				C8589424298D1D0A00EA6D1F /* Title.swift */,
				C8589422298D0FD000EA6D1F /* PancakeReview.swift */,
			);
			path = ThirdScreen;
			sourceTree = "<group>";
		};
		C8167E9A29D59A900006214A /* SecondScreen */ = {
			isa = PBXGroup;
			children = (
				C8B7BE15299E7314000F268B /* CardsView.swift */,
				C8B7BE10299E7314000F268B /* TinderStyleCard.swift */,
				C8167E9B29D59C690006214A /* NameAndDescriptionOfPancakes.swift */,
				C89C817029D613F000D8D2BA /* NavBar.swift */,
				C85BDA8C29D6C12700967E0C /* LikeAndDislike.swift */,
			);
			path = SecondScreen;
			sourceTree = "<group>";
		};
		C8589408298D0F1200EA6D1F = {
			isa = PBXGroup;
			children = (
				C8589413298D0F1200EA6D1F /* PancakeScreen */,
				C8589412298D0F1200EA6D1F /* Products */,
			);
			sourceTree = "<group>";
		};
		C8589412298D0F1200EA6D1F /* Products */ = {
			isa = PBXGroup;
			children = (
				C8589411298D0F1200EA6D1F /* PancakeScreen.app */,
			);
			name = Products;
			sourceTree = "<group>";
		};
		C8589413298D0F1200EA6D1F /* PancakeScreen */ = {
			isa = PBXGroup;
			children = (
				C8B7BE27299E764E000F268B /* Info.plist */,
				C8589414298D0F1200EA6D1F /* PancakeScreenApp.swift */,
				C858942A298D20E000EA6D1F /* MainView */,
				C8589428298D206200EA6D1F /* Components */,
				C8589429298D208E00EA6D1F /* Resources */,
				C858941A298D0F1500EA6D1F /* Preview Content */,
				B7A4BC9829DA8FE90015C96A /* Launch Screen.storyboard */,
			);
			path = PancakeScreen;
			sourceTree = "<group>";
		};
		C858941A298D0F1500EA6D1F /* Preview Content */ = {
			isa = PBXGroup;
			children = (
				C858941B298D0F1500EA6D1F /* Preview Assets.xcassets */,
			);
			path = "Preview Content";
			sourceTree = "<group>";
		};
		C8589428298D206200EA6D1F /* Components */ = {
			isa = PBXGroup;
			children = (
				C8167E9929D59A0C0006214A /* ThirdScreen */,
				C8167E9829D599550006214A /* FirstScreen */,
				C8167E9A29D59A900006214A /* SecondScreen */,
			);
			path = Components;
			sourceTree = "<group>";
		};
		C8589429298D208E00EA6D1F /* Resources */ = {
			isa = PBXGroup;
			children = (
				C80A47AB2993A41200E6C3B5 /* CornerRadius .swift */,
				C80A47A929939D9700E6C3B5 /* Colors.swift */,
				C8589418298D0F1500EA6D1F /* Assets.xcassets */,
				C8B7BE26299E762A000F268B /* Karton.otf */,
				C8B7BE29299E7825000F268B /* MysteryQuest-Regular.ttf */,
				C8CD9994298E6C6800DE1157 /* Constants.swift */,
			);
			path = Resources;
			sourceTree = "<group>";
		};
		C858942A298D20E000EA6D1F /* MainView */ = {
			isa = PBXGroup;
			children = (
				C8B7BE1F299E734E000F268B /* WhatToCook.swift */,
				C8B7BE1E299E734E000F268B /* RecipeScreenView.swift */,
				C8EA6DDF29B7625300D908C2 /* RecipeTextView.swift */,
			);
			path = MainView;
			sourceTree = "<group>";
		};
/* End PBXGroup section */

/* Begin PBXNativeTarget section */
		C8589410298D0F1200EA6D1F /* PancakeScreen */ = {
			isa = PBXNativeTarget;
			buildConfigurationList = C858941F298D0F1500EA6D1F /* Build configuration list for PBXNativeTarget "PancakeScreen" */;
			buildPhases = (
				C858940D298D0F1200EA6D1F /* Sources */,
				C858940E298D0F1200EA6D1F /* Frameworks */,
				C858940F298D0F1200EA6D1F /* Resources */,
			);
			buildRules = (
			);
			dependencies = (
			);
			name = PancakeScreen;
			productName = PancakeScreen;
			productReference = C8589411298D0F1200EA6D1F /* PancakeScreen.app */;
			productType = "com.apple.product-type.application";
		};
/* End PBXNativeTarget section */

/* Begin PBXProject section */
		C8589409298D0F1200EA6D1F /* Project object */ = {
			isa = PBXProject;
			attributes = {
				BuildIndependentTargetsInParallel = 1;
				LastSwiftUpdateCheck = 1420;
				LastUpgradeCheck = 1420;
				TargetAttributes = {
					C8589410298D0F1200EA6D1F = {
						CreatedOnToolsVersion = 14.2;
					};
				};
			};
			buildConfigurationList = C858940C298D0F1200EA6D1F /* Build configuration list for PBXProject "PancakeScreen" */;
			compatibilityVersion = "Xcode 14.0";
			developmentRegion = en;
			hasScannedForEncodings = 0;
			knownRegions = (
				en,
				Base,
			);
			mainGroup = C8589408298D0F1200EA6D1F;
			productRefGroup = C8589412298D0F1200EA6D1F /* Products */;
			projectDirPath = "";
			projectRoot = "";
			targets = (
				C8589410298D0F1200EA6D1F /* PancakeScreen */,
			);
		};
/* End PBXProject section */

/* Begin PBXResourcesBuildPhase section */
		C858940F298D0F1200EA6D1F /* Resources */ = {
			isa = PBXResourcesBuildPhase;
			buildActionMask = 2147483647;
			files = (
				C858941C298D0F1500EA6D1F /* Preview Assets.xcassets in Resources */,
				C8589419298D0F1500EA6D1F /* Assets.xcassets in Resources */,
				C8B7BE2A299E7825000F268B /* MysteryQuest-Regular.ttf in Resources */,
				B7A4BC9929DA8FE90015C96A /* Launch Screen.storyboard in Resources */,
				C8B7BE28299E7746000F268B /* Karton.otf in Resources */,
			);
			runOnlyForDeploymentPostprocessing = 0;
		};
/* End PBXResourcesBuildPhase section */

/* Begin PBXSourcesBuildPhase section */
		C858940D298D0F1200EA6D1F /* Sources */ = {
			isa = PBXSourcesBuildPhase;
			buildActionMask = 2147483647;
			files = (
				C8589427298D1F9800EA6D1F /* PancakeText.swift in Sources */,
				C85BDA8D29D6C12700967E0C /* LikeAndDislike.swift in Sources */,
				C8B7BE1C299E7314000F268B /* CardsView.swift in Sources */,
				C8B7BE1A299E7314000F268B /* MenuCards.swift in Sources */,
				C8167E9C29D59C690006214A /* NameAndDescriptionOfPancakes.swift in Sources */,
				C80A47AE2993A86100E6C3B5 /* IngredientPicture.swift in Sources */,
				C80A47AA29939D9700E6C3B5 /* Colors.swift in Sources */,
				C8589425298D1D0A00EA6D1F /* Title.swift in Sources */,
				C8B7BE18299E7314000F268B /* NavBarView.swift in Sources */,
				C8B7BE17299E7314000F268B /* TinderStyleCard.swift in Sources */,
				C8EA6DE029B7625300D908C2 /* RecipeTextView.swift in Sources */,
				C89C817129D613F000D8D2BA /* NavBar.swift in Sources */,
				C8589423298D0FD000EA6D1F /* PancakeReview.swift in Sources */,
				C8B7BE1B299E7314000F268B /* TabBar.swift in Sources */,
				C8B7BE1D299E7314000F268B /* SearchTextField.swift in Sources */,
				C80A47AC2993A41200E6C3B5 /* CornerRadius .swift in Sources */,
				C8589415298D0F1200EA6D1F /* PancakeScreenApp.swift in Sources */,
				C8B7BE22299E734E000F268B /* WhatToCook.swift in Sources */,
				C80A47A829939BF300E6C3B5 /* RecipeButton .swift in Sources */,
				C8B7BE21299E734E000F268B /* RecipeScreenView.swift in Sources */,
				C8CD9995298E6C6800DE1157 /* Constants.swift in Sources */,
			);
			runOnlyForDeploymentPostprocessing = 0;
		};
/* End PBXSourcesBuildPhase section */

/* Begin XCBuildConfiguration section */
		C858941D298D0F1500EA6D1F /* Debug */ = {
			isa = XCBuildConfiguration;
			buildSettings = {
				ALWAYS_SEARCH_USER_PATHS = NO;
				CLANG_ANALYZER_NONNULL = YES;
				CLANG_ANALYZER_NUMBER_OBJECT_CONVERSION = YES_AGGRESSIVE;
				CLANG_CXX_LANGUAGE_STANDARD = "gnu++20";
				CLANG_ENABLE_MODULES = YES;
				CLANG_ENABLE_OBJC_ARC = YES;
				CLANG_ENABLE_OBJC_WEAK = YES;
				CLANG_WARN_BLOCK_CAPTURE_AUTORELEASING = YES;
				CLANG_WARN_BOOL_CONVERSION = YES;
				CLANG_WARN_COMMA = YES;
				CLANG_WARN_CONSTANT_CONVERSION = YES;
				CLANG_WARN_DEPRECATED_OBJC_IMPLEMENTATIONS = YES;
				CLANG_WARN_DIRECT_OBJC_ISA_USAGE = YES_ERROR;
				CLANG_WARN_DOCUMENTATION_COMMENTS = YES;
				CLANG_WARN_EMPTY_BODY = YES;
				CLANG_WARN_ENUM_CONVERSION = YES;
				CLANG_WARN_INFINITE_RECURSION = YES;
				CLANG_WARN_INT_CONVERSION = YES;
				CLANG_WARN_NON_LITERAL_NULL_CONVERSION = YES;
				CLANG_WARN_OBJC_IMPLICIT_RETAIN_SELF = YES;
				CLANG_WARN_OBJC_LITERAL_CONVERSION = YES;
				CLANG_WARN_OBJC_ROOT_CLASS = YES_ERROR;
				CLANG_WARN_QUOTED_INCLUDE_IN_FRAMEWORK_HEADER = YES;
				CLANG_WARN_RANGE_LOOP_ANALYSIS = YES;
				CLANG_WARN_STRICT_PROTOTYPES = YES;
				CLANG_WARN_SUSPICIOUS_MOVE = YES;
				CLANG_WARN_UNGUARDED_AVAILABILITY = YES_AGGRESSIVE;
				CLANG_WARN_UNREACHABLE_CODE = YES;
				CLANG_WARN__DUPLICATE_METHOD_MATCH = YES;
				COPY_PHASE_STRIP = NO;
				DEBUG_INFORMATION_FORMAT = dwarf;
				ENABLE_STRICT_OBJC_MSGSEND = YES;
				ENABLE_TESTABILITY = YES;
				GCC_C_LANGUAGE_STANDARD = gnu11;
				GCC_DYNAMIC_NO_PIC = NO;
				GCC_NO_COMMON_BLOCKS = YES;
				GCC_OPTIMIZATION_LEVEL = 0;
				GCC_PREPROCESSOR_DEFINITIONS = (
					"DEBUG=1",
					"$(inherited)",
				);
				GCC_WARN_64_TO_32_BIT_CONVERSION = YES;
				GCC_WARN_ABOUT_RETURN_TYPE = YES_ERROR;
				GCC_WARN_UNDECLARED_SELECTOR = YES;
				GCC_WARN_UNINITIALIZED_AUTOS = YES_AGGRESSIVE;
				GCC_WARN_UNUSED_FUNCTION = YES;
				GCC_WARN_UNUSED_VARIABLE = YES;
				IPHONEOS_DEPLOYMENT_TARGET = 16.2;
				MTL_ENABLE_DEBUG_INFO = INCLUDE_SOURCE;
				MTL_FAST_MATH = YES;
				ONLY_ACTIVE_ARCH = YES;
				SDKROOT = iphoneos;
				SWIFT_ACTIVE_COMPILATION_CONDITIONS = DEBUG;
				SWIFT_OPTIMIZATION_LEVEL = "-Onone";
			};
			name = Debug;
		};
		C858941E298D0F1500EA6D1F /* Release */ = {
			isa = XCBuildConfiguration;
			buildSettings = {
				ALWAYS_SEARCH_USER_PATHS = NO;
				CLANG_ANALYZER_NONNULL = YES;
				CLANG_ANALYZER_NUMBER_OBJECT_CONVERSION = YES_AGGRESSIVE;
				CLANG_CXX_LANGUAGE_STANDARD = "gnu++20";
				CLANG_ENABLE_MODULES = YES;
				CLANG_ENABLE_OBJC_ARC = YES;
				CLANG_ENABLE_OBJC_WEAK = YES;
				CLANG_WARN_BLOCK_CAPTURE_AUTORELEASING = YES;
				CLANG_WARN_BOOL_CONVERSION = YES;
				CLANG_WARN_COMMA = YES;
				CLANG_WARN_CONSTANT_CONVERSION = YES;
				CLANG_WARN_DEPRECATED_OBJC_IMPLEMENTATIONS = YES;
				CLANG_WARN_DIRECT_OBJC_ISA_USAGE = YES_ERROR;
				CLANG_WARN_DOCUMENTATION_COMMENTS = YES;
				CLANG_WARN_EMPTY_BODY = YES;
				CLANG_WARN_ENUM_CONVERSION = YES;
				CLANG_WARN_INFINITE_RECURSION = YES;
				CLANG_WARN_INT_CONVERSION = YES;
				CLANG_WARN_NON_LITERAL_NULL_CONVERSION = YES;
				CLANG_WARN_OBJC_IMPLICIT_RETAIN_SELF = YES;
				CLANG_WARN_OBJC_LITERAL_CONVERSION = YES;
				CLANG_WARN_OBJC_ROOT_CLASS = YES_ERROR;
				CLANG_WARN_QUOTED_INCLUDE_IN_FRAMEWORK_HEADER = YES;
				CLANG_WARN_RANGE_LOOP_ANALYSIS = YES;
				CLANG_WARN_STRICT_PROTOTYPES = YES;
				CLANG_WARN_SUSPICIOUS_MOVE = YES;
				CLANG_WARN_UNGUARDED_AVAILABILITY = YES_AGGRESSIVE;
				CLANG_WARN_UNREACHABLE_CODE = YES;
				CLANG_WARN__DUPLICATE_METHOD_MATCH = YES;
				COPY_PHASE_STRIP = NO;
				DEBUG_INFORMATION_FORMAT = "dwarf-with-dsym";
				ENABLE_NS_ASSERTIONS = NO;
				ENABLE_STRICT_OBJC_MSGSEND = YES;
				GCC_C_LANGUAGE_STANDARD = gnu11;
				GCC_NO_COMMON_BLOCKS = YES;
				GCC_WARN_64_TO_32_BIT_CONVERSION = YES;
				GCC_WARN_ABOUT_RETURN_TYPE = YES_ERROR;
				GCC_WARN_UNDECLARED_SELECTOR = YES;
				GCC_WARN_UNINITIALIZED_AUTOS = YES_AGGRESSIVE;
				GCC_WARN_UNUSED_FUNCTION = YES;
				GCC_WARN_UNUSED_VARIABLE = YES;
				IPHONEOS_DEPLOYMENT_TARGET = 16.2;
				MTL_ENABLE_DEBUG_INFO = NO;
				MTL_FAST_MATH = YES;
				SDKROOT = iphoneos;
				SWIFT_COMPILATION_MODE = wholemodule;
				SWIFT_OPTIMIZATION_LEVEL = "-O";
				VALIDATE_PRODUCT = YES;
			};
			name = Release;
		};
		C8589420298D0F1500EA6D1F /* Debug */ = {
			isa = XCBuildConfiguration;
			buildSettings = {
				ASSETCATALOG_COMPILER_APPICON_NAME = AppIcon;
				ASSETCATALOG_COMPILER_GLOBAL_ACCENT_COLOR_NAME = AccentColor;
				CODE_SIGN_STYLE = Automatic;
				CURRENT_PROJECT_VERSION = 1;
				DEVELOPMENT_ASSET_PATHS = "\"PancakeScreen/Preview Content\"";
				ENABLE_PREVIEWS = YES;
				GENERATE_INFOPLIST_FILE = YES;
				INFOPLIST_FILE = PancakeScreen/Info.plist;
				INFOPLIST_KEY_UIApplicationSceneManifest_Generation = YES;
				INFOPLIST_KEY_UIApplicationSupportsIndirectInputEvents = YES;
				INFOPLIST_KEY_UILaunchStoryboardName = "Launch Screen.storyboard";
				INFOPLIST_KEY_UISupportedInterfaceOrientations_iPad = "UIInterfaceOrientationPortrait UIInterfaceOrientationPortraitUpsideDown UIInterfaceOrientationLandscapeLeft UIInterfaceOrientationLandscapeRight";
				INFOPLIST_KEY_UISupportedInterfaceOrientations_iPhone = "UIInterfaceOrientationPortrait UIInterfaceOrientationLandscapeLeft UIInterfaceOrientationLandscapeRight";
				IPHONEOS_DEPLOYMENT_TARGET = 16.0;
				LD_RUNPATH_SEARCH_PATHS = (
					"$(inherited)",
					"@executable_path/Frameworks",
				);
				MARKETING_VERSION = 1.0;
				PRODUCT_BUNDLE_IDENTIFIER = BelousovaKolodin.PancakeScreen;
				PRODUCT_NAME = "$(TARGET_NAME)";
				SWIFT_EMIT_LOC_STRINGS = YES;
				SWIFT_VERSION = 5.0;
				TARGETED_DEVICE_FAMILY = "1,2";
			};
			name = Debug;
		};
		C8589421298D0F1500EA6D1F /* Release */ = {
			isa = XCBuildConfiguration;
			buildSettings = {
				ASSETCATALOG_COMPILER_APPICON_NAME = AppIcon;
				ASSETCATALOG_COMPILER_GLOBAL_ACCENT_COLOR_NAME = AccentColor;
				CODE_SIGN_STYLE = Automatic;
				CURRENT_PROJECT_VERSION = 1;
				DEVELOPMENT_ASSET_PATHS = "\"PancakeScreen/Preview Content\"";
				ENABLE_PREVIEWS = YES;
				GENERATE_INFOPLIST_FILE = YES;
				INFOPLIST_FILE = PancakeScreen/Info.plist;
				INFOPLIST_KEY_UIApplicationSceneManifest_Generation = YES;
				INFOPLIST_KEY_UIApplicationSupportsIndirectInputEvents = YES;
				INFOPLIST_KEY_UILaunchStoryboardName = "Launch Screen.storyboard";
				INFOPLIST_KEY_UISupportedInterfaceOrientations_iPad = "UIInterfaceOrientationPortrait UIInterfaceOrientationPortraitUpsideDown UIInterfaceOrientationLandscapeLeft UIInterfaceOrientationLandscapeRight";
				INFOPLIST_KEY_UISupportedInterfaceOrientations_iPhone = "UIInterfaceOrientationPortrait UIInterfaceOrientationLandscapeLeft UIInterfaceOrientationLandscapeRight";
				IPHONEOS_DEPLOYMENT_TARGET = 16.0;
				LD_RUNPATH_SEARCH_PATHS = (
					"$(inherited)",
					"@executable_path/Frameworks",
				);
				MARKETING_VERSION = 1.0;
				PRODUCT_BUNDLE_IDENTIFIER = BelousovaKolodin.PancakeScreen;
				PRODUCT_NAME = "$(TARGET_NAME)";
				SWIFT_EMIT_LOC_STRINGS = YES;
				SWIFT_VERSION = 5.0;
				TARGETED_DEVICE_FAMILY = "1,2";
			};
			name = Release;
		};
/* End XCBuildConfiguration section */

/* Begin XCConfigurationList section */
		C858940C298D0F1200EA6D1F /* Build configuration list for PBXProject "PancakeScreen" */ = {
			isa = XCConfigurationList;
			buildConfigurations = (
				C858941D298D0F1500EA6D1F /* Debug */,
				C858941E298D0F1500EA6D1F /* Release */,
			);
			defaultConfigurationIsVisible = 0;
			defaultConfigurationName = Release;
		};
		C858941F298D0F1500EA6D1F /* Build configuration list for PBXNativeTarget "PancakeScreen" */ = {
			isa = XCConfigurationList;
			buildConfigurations = (
				C8589420298D0F1500EA6D1F /* Debug */,
				C8589421298D0F1500EA6D1F /* Release */,
			);
			defaultConfigurationIsVisible = 0;
			defaultConfigurationName = Release;
		};
/* End XCConfigurationList section */
	};
	rootObject = C8589409298D0F1200EA6D1F /* Project object */;
}
